github.com/tidwall/gjson v1.17.0 h1:/Gos0J8zWvA6sZ0LMG2Wv5GezqBkXw2x8Q0h+cIzQw=
github.com/tidwall/gjson v1.17.0/go.mod h1:zeOyHdAiNwqKPSczOUlTthSMpw+/4kT5DXo3/DSXk8Q=
github.com/tidwall/match v1.1.1 h1:AHkKzHwFh6dQXzC126aKrJrqTq8vYk+RgqHnV8w9Nw=
github.com/tidwall/match v1.1.1/go.mod h1:C7QgGqRivGFmM7s7ha+q3s7eI9/9MLgq9y+DdZp/7o=
github.com/tidwall/pretty v1.2.1 h1:1h8hlu9CFDtrk+GbhDYYxG5YlR1dZ3nV1eEoGQkL8yU=
github.com/tidwall/pretty v1.2.1/go.mod h1:XNkn88OChSQlX57FP0We7kQ9rT5eX72N1adxWkSjPiw=
